
Microsoft Visual Studio Solution File, Format Version 12.00
# Visual Studio Version 16
VisualStudioVersion = 16.0.29209.62
MinimumVisualStudioVersion = 10.0.40219.1
Project("{9A19103F-16F7-4668-BE54-9A1E7A4F7556}") = "Split", "source\Split\Split.csproj", "{E4B83278-CBFF-4ECF-99A2-22D969AC76AB}"
EndProject
Project("{FAE04EC0-301F-11D3-BF4B-00C04F79EFBC}") = "Split.Android", "source\Split.Android\Split.Android.csproj", "{CE54D29C-99D6-45C4-9222-9A11C4997A8B}"
EndProject
Project("{FAE04EC0-301F-11D3-BF4B-00C04F79EFBC}") = "Split.iOS", "source\Split.iOS\Split.iOS.csproj", "{4AEFAB6A-FDA3-4FBC-82C3-65247CE40002}"
EndProject
Project("{FAE04EC0-301F-11D3-BF4B-00C04F79EFBC}") = "Split.UWP", "source\Split.UWP\Split.UWP.csproj", "{429F5AC5-8A3C-4204-B856-936B92123035}"
EndProject
Global
	GlobalSection(SolutionConfigurationPlatforms) = preSolution
		Ad-Hoc|Any CPU = Ad-Hoc|Any CPU
		Ad-Hoc|ARM = Ad-Hoc|ARM
		Ad-Hoc|iPhone = Ad-Hoc|iPhone
		Ad-Hoc|iPhoneSimulator = Ad-Hoc|iPhoneSimulator
		Ad-Hoc|x64 = Ad-Hoc|x64
		Ad-Hoc|x86 = Ad-Hoc|x86
		AppStore|Any CPU = AppStore|Any CPU
		AppStore|ARM = AppStore|ARM
		AppStore|iPhone = AppStore|iPhone
		AppStore|iPhoneSimulator = AppStore|iPhoneSimulator
		AppStore|x64 = AppStore|x64
		AppStore|x86 = AppStore|x86
		Debug|Any CPU = Debug|Any CPU
		Debug|ARM = Debug|ARM
		Debug|iPhone = Debug|iPhone
		Debug|iPhoneSimulator = Debug|iPhoneSimulator
		Debug|x64 = Debug|x64
		Debug|x86 = Debug|x86
		MockDebug|Any CPU = MockDebug|Any CPU
		MockDebug|ARM = MockDebug|ARM
		MockDebug|iPhone = MockDebug|iPhone
		MockDebug|iPhoneSimulator = MockDebug|iPhoneSimulator
		MockDebug|x64 = MockDebug|x64
		MockDebug|x86 = MockDebug|x86
		Release|Any CPU = Release|Any CPU
		Release|ARM = Release|ARM
		Release|iPhone = Release|iPhone
		Release|iPhoneSimulator = Release|iPhoneSimulator
		Release|x64 = Release|x64
		Release|x86 = Release|x86
	EndGlobalSection
	GlobalSection(ProjectConfigurationPlatforms) = postSolution
		{E4B83278-CBFF-4ECF-99A2-22D969AC76AB}.Ad-Hoc|Any CPU.ActiveCfg = MockDebug|Any CPU
		{E4B83278-CBFF-4ECF-99A2-22D969AC76AB}.Ad-Hoc|Any CPU.Build.0 = MockDebug|Any CPU
		{E4B83278-CBFF-4ECF-99A2-22D969AC76AB}.Ad-Hoc|ARM.ActiveCfg = MockDebug|Any CPU
		{E4B83278-CBFF-4ECF-99A2-22D969AC76AB}.Ad-Hoc|ARM.Build.0 = MockDebug|Any CPU
		{E4B83278-CBFF-4ECF-99A2-22D969AC76AB}.Ad-Hoc|iPhone.ActiveCfg = MockDebug|Any CPU
		{E4B83278-CBFF-4ECF-99A2-22D969AC76AB}.Ad-Hoc|iPhone.Build.0 = MockDebug|Any CPU
		{E4B83278-CBFF-4ECF-99A2-22D969AC76AB}.Ad-Hoc|iPhoneSimulator.ActiveCfg = MockDebug|Any CPU
		{E4B83278-CBFF-4ECF-99A2-22D969AC76AB}.Ad-Hoc|iPhoneSimulator.Build.0 = MockDebug|Any CPU
		{E4B83278-CBFF-4ECF-99A2-22D969AC76AB}.Ad-Hoc|x64.ActiveCfg = MockDebug|Any CPU
		{E4B83278-CBFF-4ECF-99A2-22D969AC76AB}.Ad-Hoc|x64.Build.0 = MockDebug|Any CPU
		{E4B83278-CBFF-4ECF-99A2-22D969AC76AB}.Ad-Hoc|x86.ActiveCfg = MockDebug|Any CPU
		{E4B83278-CBFF-4ECF-99A2-22D969AC76AB}.Ad-Hoc|x86.Build.0 = MockDebug|Any CPU
		{E4B83278-CBFF-4ECF-99A2-22D969AC76AB}.AppStore|Any CPU.ActiveCfg = MockDebug|Any CPU
		{E4B83278-CBFF-4ECF-99A2-22D969AC76AB}.AppStore|Any CPU.Build.0 = MockDebug|Any CPU
		{E4B83278-CBFF-4ECF-99A2-22D969AC76AB}.AppStore|ARM.ActiveCfg = MockDebug|Any CPU
		{E4B83278-CBFF-4ECF-99A2-22D969AC76AB}.AppStore|ARM.Build.0 = MockDebug|Any CPU
		{E4B83278-CBFF-4ECF-99A2-22D969AC76AB}.AppStore|iPhone.ActiveCfg = MockDebug|Any CPU
		{E4B83278-CBFF-4ECF-99A2-22D969AC76AB}.AppStore|iPhone.Build.0 = MockDebug|Any CPU
		{E4B83278-CBFF-4ECF-99A2-22D969AC76AB}.AppStore|iPhoneSimulator.ActiveCfg = MockDebug|Any CPU
		{E4B83278-CBFF-4ECF-99A2-22D969AC76AB}.AppStore|iPhoneSimulator.Build.0 = MockDebug|Any CPU
		{E4B83278-CBFF-4ECF-99A2-22D969AC76AB}.AppStore|x64.ActiveCfg = MockDebug|Any CPU
		{E4B83278-CBFF-4ECF-99A2-22D969AC76AB}.AppStore|x64.Build.0 = MockDebug|Any CPU
		{E4B83278-CBFF-4ECF-99A2-22D969AC76AB}.AppStore|x86.ActiveCfg = MockDebug|Any CPU
		{E4B83278-CBFF-4ECF-99A2-22D969AC76AB}.AppStore|x86.Build.0 = MockDebug|Any CPU
		{E4B83278-CBFF-4ECF-99A2-22D969AC76AB}.Debug|Any CPU.ActiveCfg = Debug|Any CPU
		{E4B83278-CBFF-4ECF-99A2-22D969AC76AB}.Debug|Any CPU.Build.0 = Debug|Any CPU
		{E4B83278-CBFF-4ECF-99A2-22D969AC76AB}.Debug|ARM.ActiveCfg = Debug|Any CPU
		{E4B83278-CBFF-4ECF-99A2-22D969AC76AB}.Debug|ARM.Build.0 = Debug|Any CPU
		{E4B83278-CBFF-4ECF-99A2-22D969AC76AB}.Debug|iPhone.ActiveCfg = Debug|Any CPU
		{E4B83278-CBFF-4ECF-99A2-22D969AC76AB}.Debug|iPhone.Build.0 = Debug|Any CPU
		{E4B83278-CBFF-4ECF-99A2-22D969AC76AB}.Debug|iPhoneSimulator.ActiveCfg = Debug|Any CPU
		{E4B83278-CBFF-4ECF-99A2-22D969AC76AB}.Debug|iPhoneSimulator.Build.0 = Debug|Any CPU
		{E4B83278-CBFF-4ECF-99A2-22D969AC76AB}.Debug|x64.ActiveCfg = Debug|Any CPU
		{E4B83278-CBFF-4ECF-99A2-22D969AC76AB}.Debug|x64.Build.0 = Debug|Any CPU
		{E4B83278-CBFF-4ECF-99A2-22D969AC76AB}.Debug|x86.ActiveCfg = Debug|Any CPU
		{E4B83278-CBFF-4ECF-99A2-22D969AC76AB}.Debug|x86.Build.0 = Debug|Any CPU
		{E4B83278-CBFF-4ECF-99A2-22D969AC76AB}.MockDebug|Any CPU.ActiveCfg = MockDebug|Any CPU
		{E4B83278-CBFF-4ECF-99A2-22D969AC76AB}.MockDebug|Any CPU.Build.0 = MockDebug|Any CPU
		{E4B83278-CBFF-4ECF-99A2-22D969AC76AB}.MockDebug|ARM.ActiveCfg = MockDebug|Any CPU
		{E4B83278-CBFF-4ECF-99A2-22D969AC76AB}.MockDebug|ARM.Build.0 = MockDebug|Any CPU
		{E4B83278-CBFF-4ECF-99A2-22D969AC76AB}.MockDebug|iPhone.ActiveCfg = MockDebug|Any CPU
		{E4B83278-CBFF-4ECF-99A2-22D969AC76AB}.MockDebug|iPhone.Build.0 = MockDebug|Any CPU
		{E4B83278-CBFF-4ECF-99A2-22D969AC76AB}.MockDebug|iPhoneSimulator.ActiveCfg = MockDebug|Any CPU
		{E4B83278-CBFF-4ECF-99A2-22D969AC76AB}.MockDebug|iPhoneSimulator.Build.0 = MockDebug|Any CPU
		{E4B83278-CBFF-4ECF-99A2-22D969AC76AB}.MockDebug|x64.ActiveCfg = MockDebug|Any CPU
		{E4B83278-CBFF-4ECF-99A2-22D969AC76AB}.MockDebug|x64.Build.0 = MockDebug|Any CPU
		{E4B83278-CBFF-4ECF-99A2-22D969AC76AB}.MockDebug|x86.ActiveCfg = MockDebug|Any CPU
		{E4B83278-CBFF-4ECF-99A2-22D969AC76AB}.MockDebug|x86.Build.0 = MockDebug|Any CPU
		{E4B83278-CBFF-4ECF-99A2-22D969AC76AB}.Release|Any CPU.ActiveCfg = Release|Any CPU
		{E4B83278-CBFF-4ECF-99A2-22D969AC76AB}.Release|Any CPU.Build.0 = Release|Any CPU
		{E4B83278-CBFF-4ECF-99A2-22D969AC76AB}.Release|ARM.ActiveCfg = Release|Any CPU
		{E4B83278-CBFF-4ECF-99A2-22D969AC76AB}.Release|ARM.Build.0 = Release|Any CPU
		{E4B83278-CBFF-4ECF-99A2-22D969AC76AB}.Release|iPhone.ActiveCfg = Release|Any CPU
		{E4B83278-CBFF-4ECF-99A2-22D969AC76AB}.Release|iPhone.Build.0 = Release|Any CPU
		{E4B83278-CBFF-4ECF-99A2-22D969AC76AB}.Release|iPhoneSimulator.ActiveCfg = Release|Any CPU
		{E4B83278-CBFF-4ECF-99A2-22D969AC76AB}.Release|iPhoneSimulator.Build.0 = Release|Any CPU
		{E4B83278-CBFF-4ECF-99A2-22D969AC76AB}.Release|x64.ActiveCfg = Release|Any CPU
		{E4B83278-CBFF-4ECF-99A2-22D969AC76AB}.Release|x64.Build.0 = Release|Any CPU
		{E4B83278-CBFF-4ECF-99A2-22D969AC76AB}.Release|x86.ActiveCfg = Release|Any CPU
		{E4B83278-CBFF-4ECF-99A2-22D969AC76AB}.Release|x86.Build.0 = Release|Any CPU
		{CE54D29C-99D6-45C4-9222-9A11C4997A8B}.Ad-Hoc|Any CPU.ActiveCfg = MockDebug|Any CPU
		{CE54D29C-99D6-45C4-9222-9A11C4997A8B}.Ad-Hoc|Any CPU.Build.0 = MockDebug|Any CPU
		{CE54D29C-99D6-45C4-9222-9A11C4997A8B}.Ad-Hoc|Any CPU.Deploy.0 = MockDebug|Any CPU
		{CE54D29C-99D6-45C4-9222-9A11C4997A8B}.Ad-Hoc|ARM.ActiveCfg = MockDebug|Any CPU
		{CE54D29C-99D6-45C4-9222-9A11C4997A8B}.Ad-Hoc|ARM.Build.0 = MockDebug|Any CPU
		{CE54D29C-99D6-45C4-9222-9A11C4997A8B}.Ad-Hoc|ARM.Deploy.0 = MockDebug|Any CPU
		{CE54D29C-99D6-45C4-9222-9A11C4997A8B}.Ad-Hoc|iPhone.ActiveCfg = MockDebug|Any CPU
		{CE54D29C-99D6-45C4-9222-9A11C4997A8B}.Ad-Hoc|iPhone.Build.0 = MockDebug|Any CPU
		{CE54D29C-99D6-45C4-9222-9A11C4997A8B}.Ad-Hoc|iPhone.Deploy.0 = MockDebug|Any CPU
		{CE54D29C-99D6-45C4-9222-9A11C4997A8B}.Ad-Hoc|iPhoneSimulator.ActiveCfg = MockDebug|Any CPU
		{CE54D29C-99D6-45C4-9222-9A11C4997A8B}.Ad-Hoc|iPhoneSimulator.Build.0 = MockDebug|Any CPU
		{CE54D29C-99D6-45C4-9222-9A11C4997A8B}.Ad-Hoc|iPhoneSimulator.Deploy.0 = MockDebug|Any CPU
		{CE54D29C-99D6-45C4-9222-9A11C4997A8B}.Ad-Hoc|x64.ActiveCfg = MockDebug|Any CPU
		{CE54D29C-99D6-45C4-9222-9A11C4997A8B}.Ad-Hoc|x64.Build.0 = MockDebug|Any CPU
		{CE54D29C-99D6-45C4-9222-9A11C4997A8B}.Ad-Hoc|x64.Deploy.0 = MockDebug|Any CPU
		{CE54D29C-99D6-45C4-9222-9A11C4997A8B}.Ad-Hoc|x86.ActiveCfg = MockDebug|Any CPU
		{CE54D29C-99D6-45C4-9222-9A11C4997A8B}.Ad-Hoc|x86.Build.0 = MockDebug|Any CPU
		{CE54D29C-99D6-45C4-9222-9A11C4997A8B}.Ad-Hoc|x86.Deploy.0 = MockDebug|Any CPU
		{CE54D29C-99D6-45C4-9222-9A11C4997A8B}.AppStore|Any CPU.ActiveCfg = MockDebug|Any CPU
		{CE54D29C-99D6-45C4-9222-9A11C4997A8B}.AppStore|Any CPU.Build.0 = MockDebug|Any CPU
		{CE54D29C-99D6-45C4-9222-9A11C4997A8B}.AppStore|Any CPU.Deploy.0 = MockDebug|Any CPU
		{CE54D29C-99D6-45C4-9222-9A11C4997A8B}.AppStore|ARM.ActiveCfg = MockDebug|Any CPU
		{CE54D29C-99D6-45C4-9222-9A11C4997A8B}.AppStore|ARM.Build.0 = MockDebug|Any CPU
		{CE54D29C-99D6-45C4-9222-9A11C4997A8B}.AppStore|ARM.Deploy.0 = MockDebug|Any CPU
		{CE54D29C-99D6-45C4-9222-9A11C4997A8B}.AppStore|iPhone.ActiveCfg = MockDebug|Any CPU
		{CE54D29C-99D6-45C4-9222-9A11C4997A8B}.AppStore|iPhone.Build.0 = MockDebug|Any CPU
		{CE54D29C-99D6-45C4-9222-9A11C4997A8B}.AppStore|iPhone.Deploy.0 = MockDebug|Any CPU
		{CE54D29C-99D6-45C4-9222-9A11C4997A8B}.AppStore|iPhoneSimulator.ActiveCfg = MockDebug|Any CPU
		{CE54D29C-99D6-45C4-9222-9A11C4997A8B}.AppStore|iPhoneSimulator.Build.0 = MockDebug|Any CPU
		{CE54D29C-99D6-45C4-9222-9A11C4997A8B}.AppStore|iPhoneSimulator.Deploy.0 = MockDebug|Any CPU
		{CE54D29C-99D6-45C4-9222-9A11C4997A8B}.AppStore|x64.ActiveCfg = MockDebug|Any CPU
		{CE54D29C-99D6-45C4-9222-9A11C4997A8B}.AppStore|x64.Build.0 = MockDebug|Any CPU
		{CE54D29C-99D6-45C4-9222-9A11C4997A8B}.AppStore|x64.Deploy.0 = MockDebug|Any CPU
		{CE54D29C-99D6-45C4-9222-9A11C4997A8B}.AppStore|x86.ActiveCfg = MockDebug|Any CPU
		{CE54D29C-99D6-45C4-9222-9A11C4997A8B}.AppStore|x86.Build.0 = MockDebug|Any CPU
		{CE54D29C-99D6-45C4-9222-9A11C4997A8B}.AppStore|x86.Deploy.0 = MockDebug|Any CPU
		{CE54D29C-99D6-45C4-9222-9A11C4997A8B}.Debug|Any CPU.ActiveCfg = Debug|Any CPU
		{CE54D29C-99D6-45C4-9222-9A11C4997A8B}.Debug|Any CPU.Build.0 = Debug|Any CPU
		{CE54D29C-99D6-45C4-9222-9A11C4997A8B}.Debug|Any CPU.Deploy.0 = Debug|Any CPU
		{CE54D29C-99D6-45C4-9222-9A11C4997A8B}.Debug|ARM.ActiveCfg = Debug|Any CPU
		{CE54D29C-99D6-45C4-9222-9A11C4997A8B}.Debug|ARM.Build.0 = Debug|Any CPU
		{CE54D29C-99D6-45C4-9222-9A11C4997A8B}.Debug|ARM.Deploy.0 = Debug|Any CPU
		{CE54D29C-99D6-45C4-9222-9A11C4997A8B}.Debug|iPhone.ActiveCfg = Debug|Any CPU
		{CE54D29C-99D6-45C4-9222-9A11C4997A8B}.Debug|iPhone.Build.0 = Debug|Any CPU
		{CE54D29C-99D6-45C4-9222-9A11C4997A8B}.Debug|iPhone.Deploy.0 = Debug|Any CPU
		{CE54D29C-99D6-45C4-9222-9A11C4997A8B}.Debug|iPhoneSimulator.ActiveCfg = Debug|Any CPU
		{CE54D29C-99D6-45C4-9222-9A11C4997A8B}.Debug|iPhoneSimulator.Build.0 = Debug|Any CPU
		{CE54D29C-99D6-45C4-9222-9A11C4997A8B}.Debug|iPhoneSimulator.Deploy.0 = Debug|Any CPU
		{CE54D29C-99D6-45C4-9222-9A11C4997A8B}.Debug|x64.ActiveCfg = Debug|Any CPU
		{CE54D29C-99D6-45C4-9222-9A11C4997A8B}.Debug|x64.Build.0 = Debug|Any CPU
		{CE54D29C-99D6-45C4-9222-9A11C4997A8B}.Debug|x64.Deploy.0 = Debug|Any CPU
		{CE54D29C-99D6-45C4-9222-9A11C4997A8B}.Debug|x86.ActiveCfg = Debug|Any CPU
		{CE54D29C-99D6-45C4-9222-9A11C4997A8B}.Debug|x86.Build.0 = Debug|Any CPU
		{CE54D29C-99D6-45C4-9222-9A11C4997A8B}.Debug|x86.Deploy.0 = Debug|Any CPU
		{CE54D29C-99D6-45C4-9222-9A11C4997A8B}.MockDebug|Any CPU.ActiveCfg = MockDebug|Any CPU
		{CE54D29C-99D6-45C4-9222-9A11C4997A8B}.MockDebug|Any CPU.Build.0 = MockDebug|Any CPU
		{CE54D29C-99D6-45C4-9222-9A11C4997A8B}.MockDebug|Any CPU.Deploy.0 = MockDebug|Any CPU
		{CE54D29C-99D6-45C4-9222-9A11C4997A8B}.MockDebug|ARM.ActiveCfg = MockDebug|Any CPU
		{CE54D29C-99D6-45C4-9222-9A11C4997A8B}.MockDebug|ARM.Build.0 = MockDebug|Any CPU
		{CE54D29C-99D6-45C4-9222-9A11C4997A8B}.MockDebug|ARM.Deploy.0 = MockDebug|Any CPU
		{CE54D29C-99D6-45C4-9222-9A11C4997A8B}.MockDebug|iPhone.ActiveCfg = MockDebug|Any CPU
		{CE54D29C-99D6-45C4-9222-9A11C4997A8B}.MockDebug|iPhone.Build.0 = MockDebug|Any CPU
		{CE54D29C-99D6-45C4-9222-9A11C4997A8B}.MockDebug|iPhone.Deploy.0 = MockDebug|Any CPU
		{CE54D29C-99D6-45C4-9222-9A11C4997A8B}.MockDebug|iPhoneSimulator.ActiveCfg = MockDebug|Any CPU
		{CE54D29C-99D6-45C4-9222-9A11C4997A8B}.MockDebug|iPhoneSimulator.Build.0 = MockDebug|Any CPU
		{CE54D29C-99D6-45C4-9222-9A11C4997A8B}.MockDebug|iPhoneSimulator.Deploy.0 = MockDebug|Any CPU
		{CE54D29C-99D6-45C4-9222-9A11C4997A8B}.MockDebug|x64.ActiveCfg = MockDebug|Any CPU
		{CE54D29C-99D6-45C4-9222-9A11C4997A8B}.MockDebug|x64.Build.0 = MockDebug|Any CPU
		{CE54D29C-99D6-45C4-9222-9A11C4997A8B}.MockDebug|x64.Deploy.0 = MockDebug|Any CPU
		{CE54D29C-99D6-45C4-9222-9A11C4997A8B}.MockDebug|x86.ActiveCfg = MockDebug|Any CPU
		{CE54D29C-99D6-45C4-9222-9A11C4997A8B}.MockDebug|x86.Build.0 = MockDebug|Any CPU
		{CE54D29C-99D6-45C4-9222-9A11C4997A8B}.MockDebug|x86.Deploy.0 = MockDebug|Any CPU
		{CE54D29C-99D6-45C4-9222-9A11C4997A8B}.Release|Any CPU.ActiveCfg = Release|Any CPU
		{CE54D29C-99D6-45C4-9222-9A11C4997A8B}.Release|Any CPU.Build.0 = Release|Any CPU
		{CE54D29C-99D6-45C4-9222-9A11C4997A8B}.Release|Any CPU.Deploy.0 = Release|Any CPU
		{CE54D29C-99D6-45C4-9222-9A11C4997A8B}.Release|ARM.ActiveCfg = Release|Any CPU
		{CE54D29C-99D6-45C4-9222-9A11C4997A8B}.Release|ARM.Build.0 = Release|Any CPU
		{CE54D29C-99D6-45C4-9222-9A11C4997A8B}.Release|ARM.Deploy.0 = Release|Any CPU
		{CE54D29C-99D6-45C4-9222-9A11C4997A8B}.Release|iPhone.ActiveCfg = Release|Any CPU
		{CE54D29C-99D6-45C4-9222-9A11C4997A8B}.Release|iPhone.Build.0 = Release|Any CPU
		{CE54D29C-99D6-45C4-9222-9A11C4997A8B}.Release|iPhone.Deploy.0 = Release|Any CPU
		{CE54D29C-99D6-45C4-9222-9A11C4997A8B}.Release|iPhoneSimulator.ActiveCfg = Release|Any CPU
		{CE54D29C-99D6-45C4-9222-9A11C4997A8B}.Release|iPhoneSimulator.Build.0 = Release|Any CPU
		{CE54D29C-99D6-45C4-9222-9A11C4997A8B}.Release|iPhoneSimulator.Deploy.0 = Release|Any CPU
		{CE54D29C-99D6-45C4-9222-9A11C4997A8B}.Release|x64.ActiveCfg = Release|Any CPU
		{CE54D29C-99D6-45C4-9222-9A11C4997A8B}.Release|x64.Build.0 = Release|Any CPU
		{CE54D29C-99D6-45C4-9222-9A11C4997A8B}.Release|x64.Deploy.0 = Release|Any CPU
		{CE54D29C-99D6-45C4-9222-9A11C4997A8B}.Release|x86.ActiveCfg = Release|Any CPU
		{CE54D29C-99D6-45C4-9222-9A11C4997A8B}.Release|x86.Build.0 = Release|Any CPU
		{CE54D29C-99D6-45C4-9222-9A11C4997A8B}.Release|x86.Deploy.0 = Release|Any CPU
		{4AEFAB6A-FDA3-4FBC-82C3-65247CE40002}.Ad-Hoc|Any CPU.ActiveCfg = Ad-Hoc|iPhone
		{4AEFAB6A-FDA3-4FBC-82C3-65247CE40002}.Ad-Hoc|ARM.ActiveCfg = Ad-Hoc|iPhone
		{4AEFAB6A-FDA3-4FBC-82C3-65247CE40002}.Ad-Hoc|iPhone.ActiveCfg = Ad-Hoc|iPhone
		{4AEFAB6A-FDA3-4FBC-82C3-65247CE40002}.Ad-Hoc|iPhone.Build.0 = Ad-Hoc|iPhone
		{4AEFAB6A-FDA3-4FBC-82C3-65247CE40002}.Ad-Hoc|iPhoneSimulator.ActiveCfg = Ad-Hoc|iPhoneSimulator
		{4AEFAB6A-FDA3-4FBC-82C3-65247CE40002}.Ad-Hoc|iPhoneSimulator.Build.0 = Ad-Hoc|iPhoneSimulator
		{4AEFAB6A-FDA3-4FBC-82C3-65247CE40002}.Ad-Hoc|x64.ActiveCfg = Ad-Hoc|iPhone
		{4AEFAB6A-FDA3-4FBC-82C3-65247CE40002}.Ad-Hoc|x86.ActiveCfg = Ad-Hoc|iPhone
		{4AEFAB6A-FDA3-4FBC-82C3-65247CE40002}.AppStore|Any CPU.ActiveCfg = AppStore|iPhone
		{4AEFAB6A-FDA3-4FBC-82C3-65247CE40002}.AppStore|ARM.ActiveCfg = AppStore|iPhone
		{4AEFAB6A-FDA3-4FBC-82C3-65247CE40002}.AppStore|iPhone.ActiveCfg = AppStore|iPhone
		{4AEFAB6A-FDA3-4FBC-82C3-65247CE40002}.AppStore|iPhone.Build.0 = AppStore|iPhone
		{4AEFAB6A-FDA3-4FBC-82C3-65247CE40002}.AppStore|iPhoneSimulator.ActiveCfg = AppStore|iPhoneSimulator
		{4AEFAB6A-FDA3-4FBC-82C3-65247CE40002}.AppStore|iPhoneSimulator.Build.0 = AppStore|iPhoneSimulator
		{4AEFAB6A-FDA3-4FBC-82C3-65247CE40002}.AppStore|x64.ActiveCfg = AppStore|iPhone
		{4AEFAB6A-FDA3-4FBC-82C3-65247CE40002}.AppStore|x86.ActiveCfg = AppStore|iPhone
		{4AEFAB6A-FDA3-4FBC-82C3-65247CE40002}.Debug|Any CPU.ActiveCfg = Debug|iPhone
		{4AEFAB6A-FDA3-4FBC-82C3-65247CE40002}.Debug|ARM.ActiveCfg = Debug|iPhone
		{4AEFAB6A-FDA3-4FBC-82C3-65247CE40002}.Debug|iPhone.ActiveCfg = Debug|iPhone
		{4AEFAB6A-FDA3-4FBC-82C3-65247CE40002}.Debug|iPhone.Build.0 = Debug|iPhone
		{4AEFAB6A-FDA3-4FBC-82C3-65247CE40002}.Debug|iPhoneSimulator.ActiveCfg = Debug|iPhoneSimulator
		{4AEFAB6A-FDA3-4FBC-82C3-65247CE40002}.Debug|iPhoneSimulator.Build.0 = Debug|iPhoneSimulator
		{4AEFAB6A-FDA3-4FBC-82C3-65247CE40002}.Debug|x64.ActiveCfg = Debug|iPhone
		{4AEFAB6A-FDA3-4FBC-82C3-65247CE40002}.Debug|x86.ActiveCfg = Debug|iPhone
		{4AEFAB6A-FDA3-4FBC-82C3-65247CE40002}.MockDebug|Any CPU.ActiveCfg = MockDebug|iPhone
		{4AEFAB6A-FDA3-4FBC-82C3-65247CE40002}.MockDebug|ARM.ActiveCfg = MockDebug|iPhone
		{4AEFAB6A-FDA3-4FBC-82C3-65247CE40002}.MockDebug|iPhone.ActiveCfg = MockDebug|iPhone
		{4AEFAB6A-FDA3-4FBC-82C3-65247CE40002}.MockDebug|iPhone.Build.0 = MockDebug|iPhone
		{4AEFAB6A-FDA3-4FBC-82C3-65247CE40002}.MockDebug|iPhoneSimulator.ActiveCfg = MockDebug|iPhoneSimulator
		{4AEFAB6A-FDA3-4FBC-82C3-65247CE40002}.MockDebug|iPhoneSimulator.Build.0 = MockDebug|iPhoneSimulator
		{4AEFAB6A-FDA3-4FBC-82C3-65247CE40002}.MockDebug|x64.ActiveCfg = MockDebug|iPhone
		{4AEFAB6A-FDA3-4FBC-82C3-65247CE40002}.MockDebug|x86.ActiveCfg = MockDebug|iPhone
		{4AEFAB6A-FDA3-4FBC-82C3-65247CE40002}.Release|Any CPU.ActiveCfg = Release|iPhone
		{4AEFAB6A-FDA3-4FBC-82C3-65247CE40002}.Release|ARM.ActiveCfg = Release|iPhone
		{4AEFAB6A-FDA3-4FBC-82C3-65247CE40002}.Release|iPhone.ActiveCfg = Release|iPhone
		{4AEFAB6A-FDA3-4FBC-82C3-65247CE40002}.Release|iPhone.Build.0 = Release|iPhone
		{4AEFAB6A-FDA3-4FBC-82C3-65247CE40002}.Release|iPhoneSimulator.ActiveCfg = Release|iPhoneSimulator
		{4AEFAB6A-FDA3-4FBC-82C3-65247CE40002}.Release|iPhoneSimulator.Build.0 = Release|iPhoneSimulator
		{4AEFAB6A-FDA3-4FBC-82C3-65247CE40002}.Release|x64.ActiveCfg = Release|iPhone
		{4AEFAB6A-FDA3-4FBC-82C3-65247CE40002}.Release|x86.ActiveCfg = Release|iPhone
		{429F5AC5-8A3C-4204-B856-936B92123035}.Ad-Hoc|Any CPU.ActiveCfg = MockDebug|x86
		{429F5AC5-8A3C-4204-B856-936B92123035}.Ad-Hoc|Any CPU.Build.0 = MockDebug|x86
		{429F5AC5-8A3C-4204-B856-936B92123035}.Ad-Hoc|Any CPU.Deploy.0 = MockDebug|x86
		{429F5AC5-8A3C-4204-B856-936B92123035}.Ad-Hoc|ARM.ActiveCfg = MockDebug|ARM
		{429F5AC5-8A3C-4204-B856-936B92123035}.Ad-Hoc|ARM.Build.0 = MockDebug|ARM
		{429F5AC5-8A3C-4204-B856-936B92123035}.Ad-Hoc|ARM.Deploy.0 = MockDebug|ARM
		{429F5AC5-8A3C-4204-B856-936B92123035}.Ad-Hoc|iPhone.ActiveCfg = MockDebug|x86
		{429F5AC5-8A3C-4204-B856-936B92123035}.Ad-Hoc|iPhone.Build.0 = MockDebug|x86
		{429F5AC5-8A3C-4204-B856-936B92123035}.Ad-Hoc|iPhone.Deploy.0 = MockDebug|x86
		{429F5AC5-8A3C-4204-B856-936B92123035}.Ad-Hoc|iPhoneSimulator.ActiveCfg = MockDebug|x86
		{429F5AC5-8A3C-4204-B856-936B92123035}.Ad-Hoc|iPhoneSimulator.Build.0 = MockDebug|x86
		{429F5AC5-8A3C-4204-B856-936B92123035}.Ad-Hoc|iPhoneSimulator.Deploy.0 = MockDebug|x86
		{429F5AC5-8A3C-4204-B856-936B92123035}.Ad-Hoc|x64.ActiveCfg = MockDebug|x64
		{429F5AC5-8A3C-4204-B856-936B92123035}.Ad-Hoc|x64.Build.0 = MockDebug|x64
		{429F5AC5-8A3C-4204-B856-936B92123035}.Ad-Hoc|x64.Deploy.0 = MockDebug|x64
		{429F5AC5-8A3C-4204-B856-936B92123035}.Ad-Hoc|x86.ActiveCfg = MockDebug|x86
		{429F5AC5-8A3C-4204-B856-936B92123035}.Ad-Hoc|x86.Build.0 = MockDebug|x86
		{429F5AC5-8A3C-4204-B856-936B92123035}.Ad-Hoc|x86.Deploy.0 = MockDebug|x86
		{429F5AC5-8A3C-4204-B856-936B92123035}.AppStore|Any CPU.ActiveCfg = MockDebug|x86
		{429F5AC5-8A3C-4204-B856-936B92123035}.AppStore|Any CPU.Build.0 = MockDebug|x86
		{429F5AC5-8A3C-4204-B856-936B92123035}.AppStore|Any CPU.Deploy.0 = MockDebug|x86
		{429F5AC5-8A3C-4204-B856-936B92123035}.AppStore|ARM.ActiveCfg = MockDebug|ARM
		{429F5AC5-8A3C-4204-B856-936B92123035}.AppStore|ARM.Build.0 = MockDebug|ARM
		{429F5AC5-8A3C-4204-B856-936B92123035}.AppStore|ARM.Deploy.0 = MockDebug|ARM
		{429F5AC5-8A3C-4204-B856-936B92123035}.AppStore|iPhone.ActiveCfg = MockDebug|x86
		{429F5AC5-8A3C-4204-B856-936B92123035}.AppStore|iPhone.Build.0 = MockDebug|x86
		{429F5AC5-8A3C-4204-B856-936B92123035}.AppStore|iPhone.Deploy.0 = MockDebug|x86
		{429F5AC5-8A3C-4204-B856-936B92123035}.AppStore|iPhoneSimulator.ActiveCfg = MockDebug|x86
		{429F5AC5-8A3C-4204-B856-936B92123035}.AppStore|iPhoneSimulator.Build.0 = MockDebug|x86
		{429F5AC5-8A3C-4204-B856-936B92123035}.AppStore|iPhoneSimulator.Deploy.0 = MockDebug|x86
		{429F5AC5-8A3C-4204-B856-936B92123035}.AppStore|x64.ActiveCfg = MockDebug|x64
		{429F5AC5-8A3C-4204-B856-936B92123035}.AppStore|x64.Build.0 = MockDebug|x64
		{429F5AC5-8A3C-4204-B856-936B92123035}.AppStore|x64.Deploy.0 = MockDebug|x64
		{429F5AC5-8A3C-4204-B856-936B92123035}.AppStore|x86.ActiveCfg = MockDebug|x86
		{429F5AC5-8A3C-4204-B856-936B92123035}.AppStore|x86.Build.0 = MockDebug|x86
		{429F5AC5-8A3C-4204-B856-936B92123035}.AppStore|x86.Deploy.0 = MockDebug|x86
		{429F5AC5-8A3C-4204-B856-936B92123035}.Debug|Any CPU.ActiveCfg = Debug|x86
		{429F5AC5-8A3C-4204-B856-936B92123035}.Debug|ARM.ActiveCfg = Debug|ARM
		{429F5AC5-8A3C-4204-B856-936B92123035}.Debug|ARM.Build.0 = Debug|ARM
		{429F5AC5-8A3C-4204-B856-936B92123035}.Debug|ARM.Deploy.0 = Debug|ARM
		{429F5AC5-8A3C-4204-B856-936B92123035}.Debug|iPhone.ActiveCfg = Debug|x86
		{429F5AC5-8A3C-4204-B856-936B92123035}.Debug|iPhoneSimulator.ActiveCfg = Debug|x86
		{429F5AC5-8A3C-4204-B856-936B92123035}.Debug|x64.ActiveCfg = Debug|x64
		{429F5AC5-8A3C-4204-B856-936B92123035}.Debug|x64.Build.0 = Debug|x64
		{429F5AC5-8A3C-4204-B856-936B92123035}.Debug|x64.Deploy.0 = Debug|x64
		{429F5AC5-8A3C-4204-B856-936B92123035}.Debug|x86.ActiveCfg = Debug|x86
		{429F5AC5-8A3C-4204-B856-936B92123035}.Debug|x86.Build.0 = Debug|x86
		{429F5AC5-8A3C-4204-B856-936B92123035}.Debug|x86.Deploy.0 = Debug|x86
		{429F5AC5-8A3C-4204-B856-936B92123035}.MockDebug|Any CPU.ActiveCfg = MockDebug|x86
		{429F5AC5-8A3C-4204-B856-936B92123035}.MockDebug|ARM.ActiveCfg = MockDebug|ARM
		{429F5AC5-8A3C-4204-B856-936B92123035}.MockDebug|ARM.Build.0 = MockDebug|ARM
		{429F5AC5-8A3C-4204-B856-936B92123035}.MockDebug|ARM.Deploy.0 = MockDebug|ARM
		{429F5AC5-8A3C-4204-B856-936B92123035}.MockDebug|iPhone.ActiveCfg = MockDebug|x86
		{429F5AC5-8A3C-4204-B856-936B92123035}.MockDebug|iPhoneSimulator.ActiveCfg = MockDebug|x86
		{429F5AC5-8A3C-4204-B856-936B92123035}.MockDebug|x64.ActiveCfg = MockDebug|x64
		{429F5AC5-8A3C-4204-B856-936B92123035}.MockDebug|x64.Build.0 = MockDebug|x64
		{429F5AC5-8A3C-4204-B856-936B92123035}.MockDebug|x64.Deploy.0 = MockDebug|x64
		{429F5AC5-8A3C-4204-B856-936B92123035}.MockDebug|x86.ActiveCfg = MockDebug|x86
		{429F5AC5-8A3C-4204-B856-936B92123035}.MockDebug|x86.Build.0 = MockDebug|x86
		{429F5AC5-8A3C-4204-B856-936B92123035}.MockDebug|x86.Deploy.0 = MockDebug|x86
		{429F5AC5-8A3C-4204-B856-936B92123035}.Release|Any CPU.ActiveCfg = Release|x86
		{429F5AC5-8A3C-4204-B856-936B92123035}.Release|ARM.ActiveCfg = Release|ARM
		{429F5AC5-8A3C-4204-B856-936B92123035}.Release|ARM.Build.0 = Release|ARM
		{429F5AC5-8A3C-4204-B856-936B92123035}.Release|ARM.Deploy.0 = Release|ARM
		{429F5AC5-8A3C-4204-B856-936B92123035}.Release|iPhone.ActiveCfg = Release|x86
		{429F5AC5-8A3C-4204-B856-936B92123035}.Release|iPhoneSimulator.ActiveCfg = Release|x86
		{429F5AC5-8A3C-4204-B856-936B92123035}.Release|x64.ActiveCfg = Release|x64
		{429F5AC5-8A3C-4204-B856-936B92123035}.Release|x64.Build.0 = Release|x64
		{429F5AC5-8A3C-4204-B856-936B92123035}.Release|x64.Deploy.0 = Release|x64
		{429F5AC5-8A3C-4204-B856-936B92123035}.Release|x86.ActiveCfg = Release|x86
		{429F5AC5-8A3C-4204-B856-936B92123035}.Release|x86.Build.0 = Release|x86
		{429F5AC5-8A3C-4204-B856-936B92123035}.Release|x86.Deploy.0 = Release|x86
	EndGlobalSection
	GlobalSection(SolutionProperties) = preSolution
		HideSolutionNode = FALSE
	EndGlobalSection
	GlobalSection(ExtensibilityGlobals) = postSolution
		SolutionGuid = {58AD62FC-72A8-4C4F-8A96-F173A8206425}
	EndGlobalSection
EndGlobal
